// !$*UTF8*$!
{
	archiveVersion = 1;
	classes = {
	};
	objectVersion = 56;
	objects = {

/* Begin PBXBuildFile section */
		8E2410082E976361008B258E /* FirebaseAI in Frameworks */ = {isa = PBXBuildFile; productRef = 8E2410072E976361008B258E /* FirebaseAI */; };
		8E24100A2E976361008B258E /* FirebaseAnalytics in Frameworks */ = {isa = PBXBuildFile; productRef = 8E2410092E976361008B258E /* FirebaseAnalytics */; };
		8E24100C2E976361008B258E /* FirebaseAuth in Frameworks */ = {isa = PBXBuildFile; productRef = 8E24100B2E976361008B258E /* FirebaseAuth */; };
		8E24100E2E976361008B258E /* FirebaseDatabase in Frameworks */ = {isa = PBXBuildFile; productRef = 8E24100D2E976361008B258E /* FirebaseDatabase */; };
		8E2410102E976361008B258E /* FirebaseFirestore in Frameworks */ = {isa = PBXBuildFile; productRef = 8E24100F2E976361008B258E /* FirebaseFirestore */; };
		8E2410122E976361008B258E /* FirebaseFunctions in Frameworks */ = {isa = PBXBuildFile; productRef = 8E2410112E976361008B258E /* FirebaseFunctions */; };
		8E2410142E976361008B258E /* FirebaseFunctionsCombine-Community in Frameworks */ = {isa = PBXBuildFile; productRef = 8E2410132E976361008B258E /* FirebaseFunctionsCombine-Community */; };
		8E2410162E976361008B258E /* FirebaseInAppMessaging-Beta in Frameworks */ = {isa = PBXBuildFile; productRef = 8E2410152E976361008B258E /* FirebaseInAppMessaging-Beta */; };
		8E2410182E976361008B258E /* FirebaseMessaging in Frameworks */ = {isa = PBXBuildFile; productRef = 8E2410172E976361008B258E /* FirebaseMessaging */; };
		8E24101A2E976361008B258E /* FirebaseStorage in Frameworks */ = {isa = PBXBuildFile; productRef = 8E2410192E976361008B258E /* FirebaseStorage */; };
		8E2410202E977C50008B258E /* GoogleService-Info.plist in Resources */ = {isa = PBXBuildFile; fileRef = 8E24101F2E977C50008B258E /* GoogleService-Info.plist */; };
		FF1A4CE229A1A2D000000200 /* StepOutApp.swift in Sources */ = {isa = PBXBuildFile; fileRef = FF1A4CE229A1A2D000000100 /* StepOutApp.swift */; };
		FF1A4CE229A1A2D000000201 /* ContentView.swift in Sources */ = {isa = PBXBuildFile; fileRef = FF1A4CE229A1A2D000000101 /* ContentView.swift */; };
		FF1A4CE229A1A2D000000202 /* Assets.xcassets in Resources */ = {isa = PBXBuildFile; fileRef = FF1A4CE229A1A2D000000102 /* Assets.xcassets */; };
		FF1A4CE329A1A2D000000210 /* EventData.swift in Sources */ = {isa = PBXBuildFile; fileRef = FF1A4CE329A1A2D000000110 /* EventData.swift */; };
		FF9C0AA12F0D0001000AAA01 /* FirebaseEventBackend.swift in Sources */ = {isa = PBXBuildFile; fileRef = FF9C0AA02F0D0001000AAA00 /* FirebaseEventBackend.swift */; };
		FF9C0AA32F0D0132000AAA02 /* Notification+Extensions.swift in Sources */ = {isa = PBXBuildFile; fileRef = FF9C0AA22F0D0132000AAA02 /* Notification+Extensions.swift */; };
		FF1A4CE329A1A2D000000211 /* StepOutWidget.swift in Sources */ = {isa = PBXBuildFile; fileRef = FF1A4CE329A1A2D000000111 /* StepOutWidget.swift */; };
		FF1A4CE329A1A2D000000212 /* StepOutWidgetBundle.swift in Sources */ = {isa = PBXBuildFile; fileRef = FF1A4CE329A1A2D000000112 /* StepOutWidgetBundle.swift */; };
		FF1A4CE329A1A2D000000213 /* EventData.swift in Sources */ = {isa = PBXBuildFile; fileRef = FF1A4CE329A1A2D000000110 /* EventData.swift */; };
		FF1A4CE329A1A2D000000214 /* StepOutWidget.appex in Embed App Extensions */ = {isa = PBXBuildFile; fileRef = FF1A4CE329A1A2D000000410 /* StepOutWidget.appex */; settings = {ATTRIBUTES = (RemoveHeadersOnCopy, ); }; };
		FF1A4CE429A1A2D000000220 /* EventFeedViewModel.swift in Sources */ = {isa = PBXBuildFile; fileRef = FF1A4CE429A1A2D000000121 /* EventFeedViewModel.swift */; };
		FF1A4CE429A1A2D000000221 /* EventBackend.swift in Sources */ = {isa = PBXBuildFile; fileRef = FF1A4CE429A1A2D000000120 /* EventBackend.swift */; };
		FF1A4CE429A1A2D000000222 /* ProfileData.swift in Sources */ = {isa = PBXBuildFile; fileRef = FF1A4CE429A1A2D000000122 /* ProfileData.swift */; };
		FF1A4CE429A1A2D000000223 /* ProfileData.swift in Sources */ = {isa = PBXBuildFile; fileRef = FF1A4CE429A1A2D000000122 /* ProfileData.swift */; };
		FF1A4CE429A1A2D000000224 /* ProfileView.swift in Sources */ = {isa = PBXBuildFile; fileRef = FF1A4CE429A1A2D000000123 /* ProfileView.swift */; };
		FF1A4CE429A1A2D000000225 /* OnboardingFlowView.swift in Sources */ = {isa = PBXBuildFile; fileRef = FF1A4CE429A1A2D000000124 /* OnboardingFlowView.swift */; };
		FF1A4CE429A1A2D000000226 /* AppState.swift in Sources */ = {isa = PBXBuildFile; fileRef = FF1A4CE429A1A2D000000125 /* AppState.swift */; };
		FF1A4CE529A1A2D000000230 /* WidgetTimelineBridge.swift in Sources */ = {isa = PBXBuildFile; fileRef = FF1A4CE529A1A2D000000130 /* WidgetTimelineBridge.swift */; };
		FF1A4CE529A1A2D000000231 /* WidgetTimelineBridge.swift in Sources */ = {isa = PBXBuildFile; fileRef = FF1A4CE529A1A2D000000130 /* WidgetTimelineBridge.swift */; };
		FF3B9B1F2BE671D3000A1234 /* PhoneAuthViewModel.swift in Sources */ = {isa = PBXBuildFile; fileRef = FF3B9B1E2BE671D3000A1234 /* PhoneAuthViewModel.swift */; };
		FFB0ABCD2F0CDEF100000101 /* AppDelegate.swift in Sources */ = {isa = PBXBuildFile; fileRef = FFB0ABCD2F0CDEF100000001 /* AppDelegate.swift */; };
/* End PBXBuildFile section */

/* Begin PBXContainerItemProxy section */
		FF1A4CE329A1A2D000000501 /* PBXContainerItemProxy */ = {
			isa = PBXContainerItemProxy;
			containerPortal = FF1A4CE229A1A2D000000001 /* Project object */;
			proxyType = 1;
			remoteGlobalIDString = FF1A4CE329A1A2D000000021;
			remoteInfo = StepOutWidget;
		};
/* End PBXContainerItemProxy section */

/* Begin PBXCopyFilesBuildPhase section */
		FF1A4CE329A1A2D000000303 /* Embed App Extensions */ = {
			isa = PBXCopyFilesBuildPhase;
			buildActionMask = 2147483647;
			dstPath = "";
			dstSubfolderSpec = 13;
			files = (
				FF1A4CE329A1A2D000000214 /* StepOutWidget.appex in Embed App Extensions */,
			);
			name = "Embed App Extensions";
			runOnlyForDeploymentPostprocessing = 0;
		};
/* End PBXCopyFilesBuildPhase section */

/* Begin PBXFileReference section */
		8E24101F2E977C50008B258E /* GoogleService-Info.plist */ = {isa = PBXFileReference; lastKnownFileType = text.plist.xml; path = "GoogleService-Info.plist"; sourceTree = "<group>"; };
		FFB0ABCD2F0CDEF100000001 /* AppDelegate.swift */ = {isa = PBXFileReference; lastKnownFileType = sourcecode.swift; path = AppDelegate.swift; sourceTree = "<group>"; };
		FF1A4CE229A1A2D000000100 /* StepOutApp.swift */ = {isa = PBXFileReference; lastKnownFileType = sourcecode.swift; path = StepOutApp.swift; sourceTree = "<group>"; };
		FF1A4CE229A1A2D000000101 /* ContentView.swift */ = {isa = PBXFileReference; lastKnownFileType = sourcecode.swift; path = ContentView.swift; sourceTree = "<group>"; };
		FF1A4CE229A1A2D000000102 /* Assets.xcassets */ = {isa = PBXFileReference; lastKnownFileType = folder.assetcatalog; path = Assets.xcassets; sourceTree = "<group>"; };
		FF1A4CE229A1A2D000000103 /* Info.plist */ = {isa = PBXFileReference; lastKnownFileType = text.plist.xml; path = Info.plist; sourceTree = "<group>"; };
		FF1A4CE229A1A2D000000104 /* Preview Assets.xcassets */ = {isa = PBXFileReference; lastKnownFileType = folder.assetcatalog; path = "Preview Assets.xcassets"; sourceTree = "<group>"; };
		FF1A4CE229A1A2D000000400 /* StepOut.app */ = {isa = PBXFileReference; explicitFileType = wrapper.application; includeInIndex = 0; path = StepOut.app; sourceTree = BUILT_PRODUCTS_DIR; };
		FF1A4CE329A1A2D000000110 /* EventData.swift */ = {isa = PBXFileReference; lastKnownFileType = sourcecode.swift; path = EventData.swift; sourceTree = "<group>"; };
		FF9C0AA02F0D0001000AAA00 /* FirebaseEventBackend.swift */ = {isa = PBXFileReference; lastKnownFileType = sourcecode.swift; path = FirebaseEventBackend.swift; sourceTree = "<group>"; };
		FF9C0AA22F0D0132000AAA02 /* Notification+Extensions.swift */ = {isa = PBXFileReference; lastKnownFileType = sourcecode.swift; path = "Notification+Extensions.swift"; sourceTree = "<group>"; };
		FF1A4CE329A1A2D000000111 /* StepOutWidget.swift */ = {isa = PBXFileReference; lastKnownFileType = sourcecode.swift; path = StepOutWidget.swift; sourceTree = "<group>"; };
		FF1A4CE329A1A2D000000112 /* StepOutWidgetBundle.swift */ = {isa = PBXFileReference; lastKnownFileType = sourcecode.swift; path = StepOutWidgetBundle.swift; sourceTree = "<group>"; };
		FF1A4CE329A1A2D000000113 /* Info.plist */ = {isa = PBXFileReference; lastKnownFileType = text.plist.xml; path = Info.plist; sourceTree = "<group>"; };
		FF1A4CE329A1A2D000000410 /* StepOutWidget.appex */ = {isa = PBXFileReference; explicitFileType = "wrapper.app-extension"; includeInIndex = 0; path = StepOutWidget.appex; sourceTree = BUILT_PRODUCTS_DIR; };
		FF1A4CE429A1A2D000000120 /* EventBackend.swift */ = {isa = PBXFileReference; lastKnownFileType = sourcecode.swift; path = EventBackend.swift; sourceTree = "<group>"; };
		FF1A4CE429A1A2D000000121 /* EventFeedViewModel.swift */ = {isa = PBXFileReference; lastKnownFileType = sourcecode.swift; path = EventFeedViewModel.swift; sourceTree = "<group>"; };
		FF1A4CE429A1A2D000000122 /* ProfileData.swift */ = {isa = PBXFileReference; lastKnownFileType = sourcecode.swift; path = ProfileData.swift; sourceTree = "<group>"; };
		FF1A4CE429A1A2D000000123 /* ProfileView.swift */ = {isa = PBXFileReference; lastKnownFileType = sourcecode.swift; path = ProfileView.swift; sourceTree = "<group>"; };
		FF1A4CE429A1A2D000000124 /* OnboardingFlowView.swift */ = {isa = PBXFileReference; lastKnownFileType = sourcecode.swift; path = OnboardingFlowView.swift; sourceTree = "<group>"; };
		FF1A4CE429A1A2D000000125 /* AppState.swift */ = {isa = PBXFileReference; lastKnownFileType = sourcecode.swift; path = AppState.swift; sourceTree = "<group>"; };
		FF1A4CE529A1A2D000000130 /* WidgetTimelineBridge.swift */ = {isa = PBXFileReference; lastKnownFileType = sourcecode.swift; path = WidgetTimelineBridge.swift; sourceTree = "<group>"; };
		FF1A4CE529A1A2D000000131 /* StepOut.entitlements */ = {isa = PBXFileReference; lastKnownFileType = text.plist.entitlements; path = StepOut.entitlements; sourceTree = "<group>"; };
		FF1A4CE529A1A2D000000132 /* StepOutWidget.entitlements */ = {isa = PBXFileReference; lastKnownFileType = text.plist.entitlements; path = StepOutWidget.entitlements; sourceTree = "<group>"; };
		FF3B9B1E2BE671D3000A1234 /* PhoneAuthViewModel.swift */ = {isa = PBXFileReference; lastKnownFileType = sourcecode.swift; path = PhoneAuthViewModel.swift; sourceTree = "<group>"; };
/* End PBXFileReference section */

/* Begin PBXFrameworksBuildPhase section */
		FF1A4CE229A1A2D000000302 /* Frameworks */ = {
			isa = PBXFrameworksBuildPhase;
			buildActionMask = 2147483647;
			files = (
				8E2410182E976361008B258E /* FirebaseMessaging in Frameworks */,
				8E2410142E976361008B258E /* FirebaseFunctionsCombine-Community in Frameworks */,
				8E24100A2E976361008B258E /* FirebaseAnalytics in Frameworks */,
				8E24101A2E976361008B258E /* FirebaseStorage in Frameworks */,
				8E24100C2E976361008B258E /* FirebaseAuth in Frameworks */,
				8E2410162E976361008B258E /* FirebaseInAppMessaging-Beta in Frameworks */,
				8E24100E2E976361008B258E /* FirebaseDatabase in Frameworks */,
				8E2410122E976361008B258E /* FirebaseFunctions in Frameworks */,
				8E2410102E976361008B258E /* FirebaseFirestore in Frameworks */,
				8E2410082E976361008B258E /* FirebaseAI in Frameworks */,
			);
			runOnlyForDeploymentPostprocessing = 0;
		};
		FF1A4CE329A1A2D000000321 /* Frameworks */ = {
			isa = PBXFrameworksBuildPhase;
			buildActionMask = 2147483647;
			files = (
			);
			runOnlyForDeploymentPostprocessing = 0;
		};
/* End PBXFrameworksBuildPhase section */

/* Begin PBXGroup section */
		FF1A4CE229A1A2D000000002 = {
			isa = PBXGroup;
			children = (
				FF1A4CE329A1A2D000000005 /* Shared */,
				FF1A4CE229A1A2D000000004 /* StepOut */,
				FF1A4CE329A1A2D000000006 /* StepOutWidget */,
				FF1A4CE229A1A2D000000003 /* Products */,
			);
			sourceTree = "<group>";
		};
		FF1A4CE229A1A2D000000003 /* Products */ = {
			isa = PBXGroup;
			children = (
				FF1A4CE229A1A2D000000400 /* StepOut.app */,
				FF1A4CE329A1A2D000000410 /* StepOutWidget.appex */,
			);
			name = Products;
			sourceTree = "<group>";
		};
		FF1A4CE229A1A2D000000004 /* StepOut */ = {
			isa = PBXGroup;
			children = (
				8E24101F2E977C50008B258E /* GoogleService-Info.plist */,
				FFB0ABCD2F0CDEF100000001 /* AppDelegate.swift */,
				FF1A4CE229A1A2D000000100 /* StepOutApp.swift */,
				FF1A4CE229A1A2D000000101 /* ContentView.swift */,
				FF1A4CE429A1A2D000000123 /* ProfileView.swift */,
				FF1A4CE429A1A2D000000124 /* OnboardingFlowView.swift */,
				FF1A4CE429A1A2D000000125 /* AppState.swift */,
				FF1A4CE429A1A2D000000121 /* EventFeedViewModel.swift */,
				FF1A4CE529A1A2D000000131 /* StepOut.entitlements */,
				FF1A4CE229A1A2D000000102 /* Assets.xcassets */,
				FF1A4CE229A1A2D000000103 /* Info.plist */,
				FF1A4CE229A1A2D000000105 /* Preview Content */,
			);
			path = StepOut;
			sourceTree = "<group>";
		};
		FF1A4CE229A1A2D000000105 /* Preview Content */ = {
			isa = PBXGroup;
			children = (
				FF1A4CE229A1A2D000000104 /* Preview Assets.xcassets */,
			);
			path = "Preview Content";
			sourceTree = "<group>";
		};
		FF1A4CE329A1A2D000000005 /* Shared */ = {
			isa = PBXGroup;
			children = (
				FF1A4CE329A1A2D000000110 /* EventData.swift */,
				FF1A4CE429A1A2D000000120 /* EventBackend.swift */,
				FF9C0AA02F0D0001000AAA00 /* FirebaseEventBackend.swift */,
				FF9C0AA22F0D0132000AAA02 /* Notification+Extensions.swift */,
				FF3B9B1E2BE671D3000A1234 /* PhoneAuthViewModel.swift */,
				FF1A4CE429A1A2D000000122 /* ProfileData.swift */,
				FF1A4CE529A1A2D000000130 /* WidgetTimelineBridge.swift */,
			);
			path = Shared;
			sourceTree = "<group>";
		};
		FF1A4CE329A1A2D000000006 /* StepOutWidget */ = {
			isa = PBXGroup;
			children = (
				FF1A4CE329A1A2D000000111 /* StepOutWidget.swift */,
				FF1A4CE329A1A2D000000112 /* StepOutWidgetBundle.swift */,
				FF1A4CE329A1A2D000000113 /* Info.plist */,
				FF1A4CE529A1A2D000000132 /* StepOutWidget.entitlements */,
			);
			path = StepOutWidget;
			sourceTree = "<group>";
		};
/* End PBXGroup section */

/* Begin PBXNativeTarget section */
		FF1A4CE229A1A2D000000020 /* StepOut */ = {
			isa = PBXNativeTarget;
			buildConfigurationList = FF1A4CE229A1A2D000000030 /* Build configuration list for PBXNativeTarget "StepOut" */;
			buildPhases = (
				FF1A4CE229A1A2D000000300 /* Sources */,
				FF1A4CE229A1A2D000000302 /* Frameworks */,
				FF1A4CE229A1A2D000000301 /* Resources */,
				FF1A4CE329A1A2D000000303 /* Embed App Extensions */,
			);
			buildRules = (
			);
			dependencies = (
				FF1A4CE329A1A2D000000500 /* PBXTargetDependency */,
			);
			name = StepOut;
			productName = StepOut;
			productReference = FF1A4CE229A1A2D000000400 /* StepOut.app */;
			productType = "com.apple.product-type.application";
		};
		FF1A4CE329A1A2D000000021 /* StepOutWidget */ = {
			isa = PBXNativeTarget;
			buildConfigurationList = FF1A4CE329A1A2D000000330 /* Build configuration list for PBXNativeTarget "StepOutWidget" */;
			buildPhases = (
				FF1A4CE329A1A2D000000320 /* Sources */,
				FF1A4CE329A1A2D000000321 /* Frameworks */,
				FF1A4CE329A1A2D000000322 /* Resources */,
			);
			buildRules = (
			);
			dependencies = (
			);
			name = StepOutWidget;
			productName = StepOutWidget;
			productReference = FF1A4CE329A1A2D000000410 /* StepOutWidget.appex */;
			productType = "com.apple.product-type.app-extension";
		};
/* End PBXNativeTarget section */

/* Begin PBXProject section */
		FF1A4CE229A1A2D000000001 /* Project object */ = {
			isa = PBXProject;
			attributes = {
				LastSwiftUpdateCheck = 1500;
				LastUpgradeCheck = 1500;
				TargetAttributes = {
					FF1A4CE229A1A2D000000020 = {
						CreatedOnToolsVersion = 15.0;
					};
					FF1A4CE329A1A2D000000021 = {
						CreatedOnToolsVersion = 15.0;
					};
				};
			};
			buildConfigurationList = FF1A4CE229A1A2D000000010 /* Build configuration list for PBXProject "StepOut" */;
			compatibilityVersion = "Xcode 14.0";
			developmentRegion = en;
			hasScannedForEncodings = 0;
			knownRegions = (
				en,
				Base,
			);
			mainGroup = FF1A4CE229A1A2D000000002;
			packageReferences = (
				8E2410062E976361008B258E /* XCRemoteSwiftPackageReference "firebase-ios-sdk" */,
			);
			productRefGroup = FF1A4CE229A1A2D000000003 /* Products */;
			projectDirPath = "";
			projectRoot = "";
			targets = (
				FF1A4CE229A1A2D000000020 /* StepOut */,
				FF1A4CE329A1A2D000000021 /* StepOutWidget */,
			);
		};
/* End PBXProject section */

/* Begin PBXResourcesBuildPhase section */
		FF1A4CE229A1A2D000000301 /* Resources */ = {
			isa = PBXResourcesBuildPhase;
			buildActionMask = 2147483647;
			files = (
				FF1A4CE229A1A2D000000202 /* Assets.xcassets in Resources */,
				8E2410202E977C50008B258E /* GoogleService-Info.plist in Resources */,
			);
			runOnlyForDeploymentPostprocessing = 0;
		};
		FF1A4CE329A1A2D000000322 /* Resources */ = {
			isa = PBXResourcesBuildPhase;
			buildActionMask = 2147483647;
			files = (
			);
			runOnlyForDeploymentPostprocessing = 0;
		};
/* End PBXResourcesBuildPhase section */

/* Begin PBXSourcesBuildPhase section */
		FF1A4CE229A1A2D000000300 /* Sources */ = {
			isa = PBXSourcesBuildPhase;
			buildActionMask = 2147483647;
			files = (
				FF1A4CE529A1A2D000000230 /* WidgetTimelineBridge.swift in Sources */,
				FF1A4CE329A1A2D000000210 /* EventData.swift in Sources */,
				FF3B9B1F2BE671D3000A1234 /* PhoneAuthViewModel.swift in Sources */,
				FF9C0AA32F0D0132000AAA02 /* Notification+Extensions.swift in Sources */,
				FF9C0AA12F0D0001000AAA01 /* FirebaseEventBackend.swift in Sources */,
				FF1A4CE229A1A2D000000201 /* ContentView.swift in Sources */,
				FFB0ABCD2F0CDEF100000101 /* AppDelegate.swift in Sources */,
				FF1A4CE229A1A2D000000200 /* StepOutApp.swift in Sources */,
				FF1A4CE429A1A2D000000220 /* EventFeedViewModel.swift in Sources */,
				FF1A4CE429A1A2D000000221 /* EventBackend.swift in Sources */,
				FF1A4CE429A1A2D000000222 /* ProfileData.swift in Sources */,
				FF1A4CE429A1A2D000000224 /* ProfileView.swift in Sources */,
				FF1A4CE429A1A2D000000225 /* OnboardingFlowView.swift in Sources */,
				FF1A4CE429A1A2D000000226 /* AppState.swift in Sources */,
			);
			runOnlyForDeploymentPostprocessing = 0;
		};
		FF1A4CE329A1A2D000000320 /* Sources */ = {
			isa = PBXSourcesBuildPhase;
			buildActionMask = 2147483647;
			files = (
				FF1A4CE529A1A2D000000231 /* WidgetTimelineBridge.swift in Sources */,
				FF1A4CE329A1A2D000000211 /* StepOutWidget.swift in Sources */,
				FF1A4CE329A1A2D000000212 /* StepOutWidgetBundle.swift in Sources */,
				FF1A4CE329A1A2D000000213 /* EventData.swift in Sources */,
				FF1A4CE429A1A2D000000223 /* ProfileData.swift in Sources */,
			);
			runOnlyForDeploymentPostprocessing = 0;
		};
/* End PBXSourcesBuildPhase section */

/* Begin PBXTargetDependency section */
		FF1A4CE329A1A2D000000500 /* PBXTargetDependency */ = {
			isa = PBXTargetDependency;
			target = FF1A4CE329A1A2D000000021 /* StepOutWidget */;
			targetProxy = FF1A4CE329A1A2D000000501 /* PBXContainerItemProxy */;
		};
/* End PBXTargetDependency section */

/* Begin XCBuildConfiguration section */
		FF1A4CE229A1A2D000000011 /* Debug */ = {
			isa = XCBuildConfiguration;
			buildSettings = {
				ALWAYS_SEARCH_USER_PATHS = NO;
				CLANG_ANALYZER_LOCALIZABILITY_NONLOCALIZED = YES;
				CLANG_ENABLE_MODULES = YES;
				COPY_PHASE_STRIP = NO;
				DEBUG_INFORMATION_FORMAT = dwarf;
				ENABLE_TESTABILITY = YES;
				GCC_C_LANGUAGE_STANDARD = gnu17;
				MTL_ENABLE_DEBUG_INFO = INCLUDE_SOURCE;
				ONLY_ACTIVE_ARCH = YES;
				PRODUCT_NAME = "$(TARGET_NAME)";
				SDKROOT = iphoneos;
				SWIFT_VERSION = 5.0;
			};
			name = Debug;
		};
		FF1A4CE229A1A2D000000012 /* Release */ = {
			isa = XCBuildConfiguration;
			buildSettings = {
				ALWAYS_SEARCH_USER_PATHS = NO;
				CLANG_ANALYZER_LOCALIZABILITY_NONLOCALIZED = YES;
				CLANG_ENABLE_MODULES = YES;
				COPY_PHASE_STRIP = NO;
				DEBUG_INFORMATION_FORMAT = "dwarf-with-dsym";
				GCC_C_LANGUAGE_STANDARD = gnu17;
				MTL_ENABLE_DEBUG_INFO = NO;
				SDKROOT = iphoneos;
				SWIFT_COMPILATION_MODE = wholemodule;
				SWIFT_OPTIMIZATION_LEVEL = "-O";
				SWIFT_VERSION = 5.0;
			};
			name = Release;
		};
		FF1A4CE229A1A2D000000031 /* Debug */ = {
			isa = XCBuildConfiguration;
			buildSettings = {
				ASSETCATALOG_COMPILER_APPICON_NAME = AppIcon;
				ASSETCATALOG_COMPILER_GLOBAL_ACCENT_COLOR_NAME = AccentColor;
				CODE_SIGN_ENTITLEMENTS = StepOut.entitlements;
				CODE_SIGN_STYLE = Automatic;
				CURRENT_PROJECT_VERSION = 1;
				DEVELOPMENT_ASSET_PATHS = "\"StepOut/Preview Content\"";
				DEVELOPMENT_TEAM = M7C3WBXH7R;
				ENABLE_PREVIEWS = YES;
				GENERATE_INFOPLIST_FILE = NO;
				INFOPLIST_FILE = StepOut/Info.plist;
				IPHONEOS_DEPLOYMENT_TARGET = 16.0;
				LD_RUNPATH_SEARCH_PATHS = (
					"$(inherited)",
					"@executable_path/Frameworks",
				);
				MARKETING_VERSION = 1.0;
				PRODUCT_BUNDLE_IDENTIFIER = com.stepout2.app;
				PRODUCT_BUNDLE_PACKAGE_TYPE = APPL;
				PRODUCT_NAME = "$(TARGET_NAME)";
				SDKROOT = iphoneos;
				SUPPORTED_PLATFORMS = "iphonesimulator iphoneos";
				SUPPORTS_MACCATALYST = NO;
				SWIFT_EMIT_LOC_STRINGS = YES;
				SWIFT_VERSION = 5.0;
				TARGETED_DEVICE_FAMILY = "1,2";
			};
			name = Debug;
		};
		FF1A4CE229A1A2D000000032 /* Release */ = {
			isa = XCBuildConfiguration;
			buildSettings = {
				ASSETCATALOG_COMPILER_APPICON_NAME = AppIcon;
				ASSETCATALOG_COMPILER_GLOBAL_ACCENT_COLOR_NAME = AccentColor;
				CODE_SIGN_ENTITLEMENTS = StepOut.entitlements;
				CODE_SIGN_STYLE = Automatic;
				CURRENT_PROJECT_VERSION = 1;
				DEVELOPMENT_ASSET_PATHS = "\"StepOut/Preview Content\"";
				DEVELOPMENT_TEAM = M7C3WBXH7R;
				ENABLE_PREVIEWS = YES;
				GENERATE_INFOPLIST_FILE = NO;
				INFOPLIST_FILE = StepOut/Info.plist;
				IPHONEOS_DEPLOYMENT_TARGET = 16.0;
				LD_RUNPATH_SEARCH_PATHS = (
					"$(inherited)",
					"@executable_path/Frameworks",
				);
				MARKETING_VERSION = 1.0;
				PRODUCT_BUNDLE_IDENTIFIER = com.stepout2.app;
				PRODUCT_BUNDLE_PACKAGE_TYPE = APPL;
				PRODUCT_NAME = "$(TARGET_NAME)";
				SDKROOT = iphoneos;
				SUPPORTED_PLATFORMS = "iphonesimulator iphoneos";
				SUPPORTS_MACCATALYST = NO;
				SWIFT_EMIT_LOC_STRINGS = YES;
				SWIFT_OPTIMIZATION_LEVEL = "-Owholemodule";
				SWIFT_VERSION = 5.0;
				TARGETED_DEVICE_FAMILY = "1,2";
			};
			name = Release;
		};
		FF1A4CE329A1A2D000000331 /* Debug */ = {
			isa = XCBuildConfiguration;
			buildSettings = {
				APPLICATION_EXTENSION_API_ONLY = YES;
				CODE_SIGN_ENTITLEMENTS = StepOutWidget/StepOutWidget.entitlements;
				CODE_SIGN_STYLE = Automatic;
				CURRENT_PROJECT_VERSION = 1;
				DEVELOPMENT_TEAM = M7C3WBXH7R;
				GENERATE_INFOPLIST_FILE = NO;
				INFOPLIST_FILE = StepOutWidget/Info.plist;
				IPHONEOS_DEPLOYMENT_TARGET = 16.0;
				LD_RUNPATH_SEARCH_PATHS = (
					"$(inherited)",
					"@executable_path/Frameworks",
					"@executable_path/../../Frameworks",
				);
				MARKETING_VERSION = 1.0;
				PRODUCT_BUNDLE_IDENTIFIER = com.stepout2.app.widget;
				PRODUCT_BUNDLE_PACKAGE_TYPE = "XPC!";
				PRODUCT_NAME = "$(TARGET_NAME)";
				SKIP_INSTALL = YES;
				SUPPORTED_PLATFORMS = "iphoneos iphonesimulator";
				SWIFT_VERSION = 5.0;
				TARGETED_DEVICE_FAMILY = 1;
			};
			name = Debug;
		};
		FF1A4CE329A1A2D000000332 /* Release */ = {
			isa = XCBuildConfiguration;
			buildSettings = {
				APPLICATION_EXTENSION_API_ONLY = YES;
				CODE_SIGN_ENTITLEMENTS = StepOutWidget/StepOutWidget.entitlements;
				CODE_SIGN_STYLE = Automatic;
				CURRENT_PROJECT_VERSION = 1;
				DEVELOPMENT_TEAM = M7C3WBXH7R;
				GENERATE_INFOPLIST_FILE = NO;
				INFOPLIST_FILE = StepOutWidget/Info.plist;
				IPHONEOS_DEPLOYMENT_TARGET = 16.0;
				LD_RUNPATH_SEARCH_PATHS = (
					"$(inherited)",
					"@executable_path/Frameworks",
					"@executable_path/../../Frameworks",
				);
				MARKETING_VERSION = 1.0;
				PRODUCT_BUNDLE_IDENTIFIER = com.stepout2.app.widget;
				PRODUCT_BUNDLE_PACKAGE_TYPE = "XPC!";
				PRODUCT_NAME = "$(TARGET_NAME)";
				SKIP_INSTALL = YES;
				SUPPORTED_PLATFORMS = "iphoneos iphonesimulator";
				SWIFT_OPTIMIZATION_LEVEL = "-Owholemodule";
				SWIFT_VERSION = 5.0;
				TARGETED_DEVICE_FAMILY = 1;
			};
			name = Release;
		};
/* End XCBuildConfiguration section */

/* Begin XCConfigurationList section */
		FF1A4CE229A1A2D000000010 /* Build configuration list for PBXProject "StepOut" */ = {
			isa = XCConfigurationList;
			buildConfigurations = (
				FF1A4CE229A1A2D000000011 /* Debug */,
				FF1A4CE229A1A2D000000012 /* Release */,
			);
			defaultConfigurationIsVisible = 0;
			defaultConfigurationName = Release;
		};
		FF1A4CE229A1A2D000000030 /* Build configuration list for PBXNativeTarget "StepOut" */ = {
			isa = XCConfigurationList;
			buildConfigurations = (
				FF1A4CE229A1A2D000000031 /* Debug */,
				FF1A4CE229A1A2D000000032 /* Release */,
			);
			defaultConfigurationIsVisible = 0;
			defaultConfigurationName = Release;
		};
		FF1A4CE329A1A2D000000330 /* Build configuration list for PBXNativeTarget "StepOutWidget" */ = {
			isa = XCConfigurationList;
			buildConfigurations = (
				FF1A4CE329A1A2D000000331 /* Debug */,
				FF1A4CE329A1A2D000000332 /* Release */,
			);
			defaultConfigurationIsVisible = 0;
			defaultConfigurationName = Release;
		};
/* End XCConfigurationList section */

/* Begin XCRemoteSwiftPackageReference section */
		8E2410062E976361008B258E /* XCRemoteSwiftPackageReference "firebase-ios-sdk" */ = {
			isa = XCRemoteSwiftPackageReference;
			repositoryURL = "https://github.com/firebase/firebase-ios-sdk";
			requirement = {
				kind = upToNextMajorVersion;
				minimumVersion = 12.4.0;
			};
		};
/* End XCRemoteSwiftPackageReference section */

/* Begin XCSwiftPackageProductDependency section */
		8E2410072E976361008B258E /* FirebaseAI */ = {
			isa = XCSwiftPackageProductDependency;
			package = 8E2410062E976361008B258E /* XCRemoteSwiftPackageReference "firebase-ios-sdk" */;
			productName = FirebaseAI;
		};
		8E2410092E976361008B258E /* FirebaseAnalytics */ = {
			isa = XCSwiftPackageProductDependency;
			package = 8E2410062E976361008B258E /* XCRemoteSwiftPackageReference "firebase-ios-sdk" */;
			productName = FirebaseAnalytics;
		};
		8E24100B2E976361008B258E /* FirebaseAuth */ = {
			isa = XCSwiftPackageProductDependency;
			package = 8E2410062E976361008B258E /* XCRemoteSwiftPackageReference "firebase-ios-sdk" */;
			productName = FirebaseAuth;
		};
		8E24100D2E976361008B258E /* FirebaseDatabase */ = {
			isa = XCSwiftPackageProductDependency;
			package = 8E2410062E976361008B258E /* XCRemoteSwiftPackageReference "firebase-ios-sdk" */;
			productName = FirebaseDatabase;
		};
		8E24100F2E976361008B258E /* FirebaseFirestore */ = {
			isa = XCSwiftPackageProductDependency;
			package = 8E2410062E976361008B258E /* XCRemoteSwiftPackageReference "firebase-ios-sdk" */;
			productName = FirebaseFirestore;
		};
		8E2410112E976361008B258E /* FirebaseFunctions */ = {
			isa = XCSwiftPackageProductDependency;
			package = 8E2410062E976361008B258E /* XCRemoteSwiftPackageReference "firebase-ios-sdk" */;
			productName = FirebaseFunctions;
		};
		8E2410132E976361008B258E /* FirebaseFunctionsCombine-Community */ = {
			isa = XCSwiftPackageProductDependency;
			package = 8E2410062E976361008B258E /* XCRemoteSwiftPackageReference "firebase-ios-sdk" */;
			productName = "FirebaseFunctionsCombine-Community";
		};
		8E2410152E976361008B258E /* FirebaseInAppMessaging-Beta */ = {
			isa = XCSwiftPackageProductDependency;
			package = 8E2410062E976361008B258E /* XCRemoteSwiftPackageReference "firebase-ios-sdk" */;
			productName = "FirebaseInAppMessaging-Beta";
		};
		8E2410172E976361008B258E /* FirebaseMessaging */ = {
			isa = XCSwiftPackageProductDependency;
			package = 8E2410062E976361008B258E /* XCRemoteSwiftPackageReference "firebase-ios-sdk" */;
			productName = FirebaseMessaging;
		};
		8E2410192E976361008B258E /* FirebaseStorage */ = {
			isa = XCSwiftPackageProductDependency;
			package = 8E2410062E976361008B258E /* XCRemoteSwiftPackageReference "firebase-ios-sdk" */;
			productName = FirebaseStorage;
		};
/* End XCSwiftPackageProductDependency section */
	};
	rootObject = FF1A4CE229A1A2D000000001 /* Project object */;
}
