// !$*UTF8*$!
{
	archiveVersion = 1;
	classes = {
	};
	objectVersion = 56;
	objects = {

/* Begin PBXBuildFile section */
		FF1A4CE229A1A2D000000200 /* SimpleEventsAppApp.swift in Sources */ = {isa = PBXBuildFile; fileRef = FF1A4CE229A1A2D000000100 /* SimpleEventsAppApp.swift */; };
		FF1A4CE229A1A2D000000201 /* ContentView.swift in Sources */ = {isa = PBXBuildFile; fileRef = FF1A4CE229A1A2D000000101 /* ContentView.swift */; };
		FF1A4CE229A1A2D000000202 /* Assets.xcassets in Resources */ = {isa = PBXBuildFile; fileRef = FF1A4CE229A1A2D000000102 /* Assets.xcassets */; };
		FF1A4CE329A1A2D000000210 /* EventData.swift in Sources */ = {isa = PBXBuildFile; fileRef = FF1A4CE329A1A2D000000110 /* EventData.swift */; };
		FF1A4CE329A1A2D000000211 /* SimpleEventsWidget.swift in Sources */ = {isa = PBXBuildFile; fileRef = FF1A4CE329A1A2D000000111 /* SimpleEventsWidget.swift */; };
		FF1A4CE329A1A2D000000212 /* SimpleEventsWidgetBundle.swift in Sources */ = {isa = PBXBuildFile; fileRef = FF1A4CE329A1A2D000000112 /* SimpleEventsWidgetBundle.swift */; };
		FF1A4CE329A1A2D000000213 /* EventData.swift in Sources */ = {isa = PBXBuildFile; fileRef = FF1A4CE329A1A2D000000110 /* EventData.swift */; };
		FF1A4CE429A1A2D000000220 /* EventFeedViewModel.swift in Sources */ = {isa = PBXBuildFile; fileRef = FF1A4CE429A1A2D000000121 /* EventFeedViewModel.swift */; };
		FF1A4CE429A1A2D000000221 /* EventBackend.swift in Sources */ = {isa = PBXBuildFile; fileRef = FF1A4CE429A1A2D000000120 /* EventBackend.swift */; };
		FF1A4CE329A1A2D000000214 /* SimpleEventsWidget.appex in Embed App Extensions */ = {isa = PBXBuildFile; fileRef = FF1A4CE329A1A2D000000410 /* SimpleEventsWidget.appex */; settings = {ATTRIBUTES = (RemoveHeadersOnCopy, ); }; };
/* End PBXBuildFile section */

/* Begin PBXContainerItemProxy section */
		FF1A4CE329A1A2D000000501 /* PBXContainerItemProxy */ = {
			isa = PBXContainerItemProxy;
			containerPortal = FF1A4CE229A1A2D000000001 /* Project object */;
			proxyType = 1;
			remoteGlobalIDString = FF1A4CE329A1A2D000000021;
			remoteInfo = SimpleEventsWidget;
		};
/* End PBXContainerItemProxy section */

/* Begin PBXCopyFilesBuildPhase section */
		FF1A4CE329A1A2D000000303 /* Embed App Extensions */ = {
			isa = PBXCopyFilesBuildPhase;
			buildActionMask = 2147483647;
			dstPath = "";
			dstSubfolderSpec = 13;
			files = (
				FF1A4CE329A1A2D000000214 /* SimpleEventsWidget.appex in Embed App Extensions */,
			);
			name = "Embed App Extensions";
			runOnlyForDeploymentPostprocessing = 0;
		};
/* End PBXCopyFilesBuildPhase section */

/* Begin PBXFileReference section */
		FF1A4CE229A1A2D000000100 /* SimpleEventsAppApp.swift */ = {isa = PBXFileReference; lastKnownFileType = sourcecode.swift; path = SimpleEventsAppApp.swift; sourceTree = "<group>"; };
		FF1A4CE229A1A2D000000101 /* ContentView.swift */ = {isa = PBXFileReference; lastKnownFileType = sourcecode.swift; path = ContentView.swift; sourceTree = "<group>"; };
		FF1A4CE229A1A2D000000102 /* Assets.xcassets */ = {isa = PBXFileReference; lastKnownFileType = folder.assetcatalog; path = Assets.xcassets; sourceTree = "<group>"; };
		FF1A4CE229A1A2D000000103 /* Info.plist */ = {isa = PBXFileReference; lastKnownFileType = text.plist.xml; path = Info.plist; sourceTree = "<group>"; };
		FF1A4CE229A1A2D000000104 /* Preview Assets.xcassets */ = {isa = PBXFileReference; lastKnownFileType = folder.assetcatalog; path = "Preview Assets.xcassets"; sourceTree = "<group>"; };
		FF1A4CE229A1A2D000000400 /* SimpleEventsApp.app */ = {isa = PBXFileReference; explicitFileType = wrapper.application; includeInIndex = 0; path = SimpleEventsApp.app; sourceTree = BUILT_PRODUCTS_DIR; };
		FF1A4CE329A1A2D000000110 /* EventData.swift */ = {isa = PBXFileReference; lastKnownFileType = sourcecode.swift; path = EventData.swift; sourceTree = "<group>"; };
		FF1A4CE329A1A2D000000111 /* SimpleEventsWidget.swift */ = {isa = PBXFileReference; lastKnownFileType = sourcecode.swift; path = SimpleEventsWidget.swift; sourceTree = "<group>"; };
		FF1A4CE329A1A2D000000112 /* SimpleEventsWidgetBundle.swift */ = {isa = PBXFileReference; lastKnownFileType = sourcecode.swift; path = SimpleEventsWidgetBundle.swift; sourceTree = "<group>"; };
		FF1A4CE329A1A2D000000113 /* Info.plist */ = {isa = PBXFileReference; lastKnownFileType = text.plist.xml; path = Info.plist; sourceTree = "<group>"; };
		FF1A4CE329A1A2D000000410 /* SimpleEventsWidget.appex */ = {isa = PBXFileReference; explicitFileType = "wrapper.app-extension"; includeInIndex = 0; path = SimpleEventsWidget.appex; sourceTree = BUILT_PRODUCTS_DIR; };
		FF1A4CE429A1A2D000000120 /* EventBackend.swift */ = {isa = PBXFileReference; lastKnownFileType = sourcecode.swift; path = EventBackend.swift; sourceTree = "<group>"; };
		FF1A4CE429A1A2D000000121 /* EventFeedViewModel.swift */ = {isa = PBXFileReference; lastKnownFileType = sourcecode.swift; path = EventFeedViewModel.swift; sourceTree = "<group>"; };
/* End PBXFileReference section */

/* Begin PBXFrameworksBuildPhase section */
		FF1A4CE229A1A2D000000302 /* Frameworks */ = {
			isa = PBXFrameworksBuildPhase;
			buildActionMask = 2147483647;
			files = (
			);
			runOnlyForDeploymentPostprocessing = 0;
		};
		FF1A4CE329A1A2D000000321 /* Frameworks */ = {
			isa = PBXFrameworksBuildPhase;
			buildActionMask = 2147483647;
			files = (
			);
			runOnlyForDeploymentPostprocessing = 0;
		};
/* End PBXFrameworksBuildPhase section */

/* Begin PBXGroup section */
		FF1A4CE229A1A2D000000002 = {
			isa = PBXGroup;
			children = (
				FF1A4CE329A1A2D000000005 /* Shared */,
				FF1A4CE229A1A2D000000004 /* SimpleEventsApp */,
				FF1A4CE329A1A2D000000006 /* SimpleEventsWidget */,
				FF1A4CE229A1A2D000000003 /* Products */,
			);
			sourceTree = "<group>";
		};
		FF1A4CE229A1A2D000000003 /* Products */ = {
			isa = PBXGroup;
			children = (
				FF1A4CE229A1A2D000000400 /* SimpleEventsApp.app */,
				FF1A4CE329A1A2D000000410 /* SimpleEventsWidget.appex */,
			);
			name = Products;
			sourceTree = "<group>";
		};
		FF1A4CE229A1A2D000000004 /* SimpleEventsApp */ = {
			isa = PBXGroup;
			children = (
				FF1A4CE229A1A2D000000100 /* SimpleEventsAppApp.swift */,
				FF1A4CE229A1A2D000000101 /* ContentView.swift */,
				FF1A4CE429A1A2D000000121 /* EventFeedViewModel.swift */,
				FF1A4CE229A1A2D000000102 /* Assets.xcassets */,
				FF1A4CE229A1A2D000000103 /* Info.plist */,
				FF1A4CE229A1A2D000000105 /* Preview Content */,
			);
			path = SimpleEventsApp;
			sourceTree = "<group>";
		};
		FF1A4CE229A1A2D000000105 /* Preview Content */ = {
			isa = PBXGroup;
			children = (
				FF1A4CE229A1A2D000000104 /* Preview Assets.xcassets */,
			);
			path = "Preview Content";
			sourceTree = "<group>";
		};
		FF1A4CE329A1A2D000000005 /* Shared */ = {
			isa = PBXGroup;
			children = (
				FF1A4CE329A1A2D000000110 /* EventData.swift */,
				FF1A4CE429A1A2D000000120 /* EventBackend.swift */,
			);
			path = Shared;
			sourceTree = "<group>";
		};
		FF1A4CE329A1A2D000000006 /* SimpleEventsWidget */ = {
			isa = PBXGroup;
			children = (
				FF1A4CE329A1A2D000000111 /* SimpleEventsWidget.swift */,
				FF1A4CE329A1A2D000000112 /* SimpleEventsWidgetBundle.swift */,
				FF1A4CE329A1A2D000000113 /* Info.plist */,
			);
			path = SimpleEventsWidget;
			sourceTree = "<group>";
		};
/* End PBXGroup section */

/* Begin PBXNativeTarget section */
		FF1A4CE229A1A2D000000020 /* SimpleEventsApp */ = {
			isa = PBXNativeTarget;
			buildConfigurationList = FF1A4CE229A1A2D000000030 /* Build configuration list for PBXNativeTarget "SimpleEventsApp" */;
			buildPhases = (
				FF1A4CE229A1A2D000000300 /* Sources */,
				FF1A4CE229A1A2D000000302 /* Frameworks */,
				FF1A4CE229A1A2D000000301 /* Resources */,
				FF1A4CE329A1A2D000000303 /* Embed App Extensions */,
			);
			buildRules = (
			);
			dependencies = (
				FF1A4CE329A1A2D000000500 /* PBXTargetDependency */,
			);
			name = SimpleEventsApp;
			productName = SimpleEventsApp;
			productReference = FF1A4CE229A1A2D000000400 /* SimpleEventsApp.app */;
			productType = "com.apple.product-type.application";
		};
		FF1A4CE329A1A2D000000021 /* SimpleEventsWidget */ = {
			isa = PBXNativeTarget;
			buildConfigurationList = FF1A4CE329A1A2D000000330 /* Build configuration list for PBXNativeTarget "SimpleEventsWidget" */;
			buildPhases = (
				FF1A4CE329A1A2D000000320 /* Sources */,
				FF1A4CE329A1A2D000000321 /* Frameworks */,
				FF1A4CE329A1A2D000000322 /* Resources */,
			);
			buildRules = (
			);
			dependencies = (
			);
			name = SimpleEventsWidget;
			productName = SimpleEventsWidget;
			productReference = FF1A4CE329A1A2D000000410 /* SimpleEventsWidget.appex */;
			productType = "com.apple.product-type.app-extension";
		};
/* End PBXNativeTarget section */

/* Begin PBXProject section */
		FF1A4CE229A1A2D000000001 /* Project object */ = {
			isa = PBXProject;
			attributes = {
				LastSwiftUpdateCheck = 1500;
				LastUpgradeCheck = 1500;
				TargetAttributes = {
					FF1A4CE229A1A2D000000020 = {
						CreatedOnToolsVersion = 15.0;
					};
					FF1A4CE329A1A2D000000021 = {
						CreatedOnToolsVersion = 15.0;
					};
				};
			};
			buildConfigurationList = FF1A4CE229A1A2D000000010 /* Build configuration list for PBXProject "SimpleEventsApp" */;
			compatibilityVersion = "Xcode 14.0";
			developmentRegion = en;
			hasScannedForEncodings = 0;
			knownRegions = (
				en,
				Base,
			);
			mainGroup = FF1A4CE229A1A2D000000002;
			productRefGroup = FF1A4CE229A1A2D000000003 /* Products */;
			projectDirPath = "";
			projectRoot = "";
			targets = (
				FF1A4CE229A1A2D000000020 /* SimpleEventsApp */,
				FF1A4CE329A1A2D000000021 /* SimpleEventsWidget */,
			);
		};
/* End PBXProject section */

/* Begin PBXResourcesBuildPhase section */
		FF1A4CE229A1A2D000000301 /* Resources */ = {
			isa = PBXResourcesBuildPhase;
			buildActionMask = 2147483647;
			files = (
				FF1A4CE229A1A2D000000202 /* Assets.xcassets in Resources */,
			);
			runOnlyForDeploymentPostprocessing = 0;
		};
		FF1A4CE329A1A2D000000322 /* Resources */ = {
			isa = PBXResourcesBuildPhase;
			buildActionMask = 2147483647;
			files = (
			);
			runOnlyForDeploymentPostprocessing = 0;
		};
/* End PBXResourcesBuildPhase section */

/* Begin PBXSourcesBuildPhase section */
		FF1A4CE229A1A2D000000300 /* Sources */ = {
			isa = PBXSourcesBuildPhase;
			buildActionMask = 2147483647;
			files = (
				FF1A4CE329A1A2D000000210 /* EventData.swift in Sources */,
				FF1A4CE229A1A2D000000201 /* ContentView.swift in Sources */,
				FF1A4CE229A1A2D000000200 /* SimpleEventsAppApp.swift in Sources */,
				FF1A4CE429A1A2D000000220 /* EventFeedViewModel.swift in Sources */,
				FF1A4CE429A1A2D000000221 /* EventBackend.swift in Sources */,
			);
			runOnlyForDeploymentPostprocessing = 0;
		};
		FF1A4CE329A1A2D000000320 /* Sources */ = {
			isa = PBXSourcesBuildPhase;
			buildActionMask = 2147483647;
			files = (
				FF1A4CE329A1A2D000000211 /* SimpleEventsWidget.swift in Sources */,
				FF1A4CE329A1A2D000000212 /* SimpleEventsWidgetBundle.swift in Sources */,
				FF1A4CE329A1A2D000000213 /* EventData.swift in Sources */,
			);
			runOnlyForDeploymentPostprocessing = 0;
		};
/* End PBXSourcesBuildPhase section */

/* Begin PBXTargetDependency section */
		FF1A4CE329A1A2D000000500 /* PBXTargetDependency */ = {
			isa = PBXTargetDependency;
			target = FF1A4CE329A1A2D000000021 /* SimpleEventsWidget */;
			targetProxy = FF1A4CE329A1A2D000000501 /* PBXContainerItemProxy */;
		};
/* End PBXTargetDependency section */

/* Begin XCBuildConfiguration section */
		FF1A4CE229A1A2D000000011 /* Debug */ = {
			isa = XCBuildConfiguration;
			buildSettings = {
				ALWAYS_SEARCH_USER_PATHS = NO;
				CLANG_ANALYZER_LOCALIZABILITY_NONLOCALIZED = YES;
				CLANG_ENABLE_MODULES = YES;
				COPY_PHASE_STRIP = NO;
				DEBUG_INFORMATION_FORMAT = dwarf;
				ENABLE_TESTABILITY = YES;
				GCC_C_LANGUAGE_STANDARD = gnu17;
				MTL_ENABLE_DEBUG_INFO = INCLUDE_SOURCE;
				ONLY_ACTIVE_ARCH = YES;
				PRODUCT_NAME = "$(TARGET_NAME)";
				SDKROOT = iphoneos;
				SWIFT_VERSION = 5.0;
			};
			name = Debug;
		};
		FF1A4CE229A1A2D000000012 /* Release */ = {
			isa = XCBuildConfiguration;
			buildSettings = {
				ALWAYS_SEARCH_USER_PATHS = NO;
				CLANG_ANALYZER_LOCALIZABILITY_NONLOCALIZED = YES;
				CLANG_ENABLE_MODULES = YES;
				COPY_PHASE_STRIP = NO;
				DEBUG_INFORMATION_FORMAT = "dwarf-with-dsym";
				GCC_C_LANGUAGE_STANDARD = gnu17;
				MTL_ENABLE_DEBUG_INFO = NO;
				SDKROOT = iphoneos;
				SWIFT_COMPILATION_MODE = wholemodule;
				SWIFT_OPTIMIZATION_LEVEL = "-O";
				SWIFT_VERSION = 5.0;
			};
			name = Release;
		};
		FF1A4CE229A1A2D000000031 /* Debug */ = {
			isa = XCBuildConfiguration;
			buildSettings = {
				ASSETCATALOG_COMPILER_APPICON_NAME = AppIcon;
				ASSETCATALOG_COMPILER_GLOBAL_ACCENT_COLOR_NAME = AccentColor;
				CODE_SIGN_STYLE = Automatic;
				CURRENT_PROJECT_VERSION = 1;
				DEVELOPMENT_ASSET_PATHS = "\"SimpleEventsApp/Preview Content\"";
				DEVELOPMENT_TEAM = M7C3WBXH7R;
				ENABLE_PREVIEWS = YES;
				GENERATE_INFOPLIST_FILE = NO;
				INFOPLIST_FILE = SimpleEventsApp/Info.plist;
				IPHONEOS_DEPLOYMENT_TARGET = 16.0;
				LD_RUNPATH_SEARCH_PATHS = (
					"$(inherited)",
					"@executable_path/Frameworks",
				);
				MARKETING_VERSION = 1.0;
				PRODUCT_BUNDLE_IDENTIFIER = com.example.SimpleEventsApp;
				PRODUCT_BUNDLE_PACKAGE_TYPE = APPL;
				PRODUCT_NAME = "$(TARGET_NAME)";
				SDKROOT = iphoneos;
				SUPPORTED_PLATFORMS = "iphonesimulator iphoneos";
				SUPPORTS_MACCATALYST = NO;
				SWIFT_EMIT_LOC_STRINGS = YES;
				SWIFT_VERSION = 5.0;
				TARGETED_DEVICE_FAMILY = "1,2";
			};
			name = Debug;
		};
		FF1A4CE229A1A2D000000032 /* Release */ = {
			isa = XCBuildConfiguration;
			buildSettings = {
				ASSETCATALOG_COMPILER_APPICON_NAME = AppIcon;
				ASSETCATALOG_COMPILER_GLOBAL_ACCENT_COLOR_NAME = AccentColor;
				CODE_SIGN_STYLE = Automatic;
				CURRENT_PROJECT_VERSION = 1;
				DEVELOPMENT_ASSET_PATHS = "\"SimpleEventsApp/Preview Content\"";
				DEVELOPMENT_TEAM = M7C3WBXH7R;
				ENABLE_PREVIEWS = YES;
				GENERATE_INFOPLIST_FILE = NO;
				INFOPLIST_FILE = SimpleEventsApp/Info.plist;
				IPHONEOS_DEPLOYMENT_TARGET = 16.0;
				LD_RUNPATH_SEARCH_PATHS = (
					"$(inherited)",
					"@executable_path/Frameworks",
				);
				MARKETING_VERSION = 1.0;
				PRODUCT_BUNDLE_IDENTIFIER = com.example.SimpleEventsApp;
				PRODUCT_BUNDLE_PACKAGE_TYPE = APPL;
				PRODUCT_NAME = "$(TARGET_NAME)";
				SDKROOT = iphoneos;
				SUPPORTED_PLATFORMS = "iphonesimulator iphoneos";
				SUPPORTS_MACCATALYST = NO;
				SWIFT_EMIT_LOC_STRINGS = YES;
				SWIFT_OPTIMIZATION_LEVEL = "-Owholemodule";
				SWIFT_VERSION = 5.0;
				TARGETED_DEVICE_FAMILY = "1,2";
			};
			name = Release;
		};
		FF1A4CE329A1A2D000000331 /* Debug */ = {
			isa = XCBuildConfiguration;
			buildSettings = {
				APPLICATION_EXTENSION_API_ONLY = YES;
				CODE_SIGN_STYLE = Automatic;
				CURRENT_PROJECT_VERSION = 1;
				DEVELOPMENT_TEAM = M7C3WBXH7R;
				GENERATE_INFOPLIST_FILE = NO;
				INFOPLIST_FILE = SimpleEventsWidget/Info.plist;
				IPHONEOS_DEPLOYMENT_TARGET = 16.0;
				LD_RUNPATH_SEARCH_PATHS = (
					"$(inherited)",
					"@executable_path/Frameworks",
					"@executable_path/../../Frameworks",
				);
				MARKETING_VERSION = 1.0;
				PRODUCT_BUNDLE_IDENTIFIER = com.example.SimpleEventsApp.widget;
				PRODUCT_BUNDLE_PACKAGE_TYPE = "XPC!";
				PRODUCT_NAME = "$(TARGET_NAME)";
				SKIP_INSTALL = YES;
				SUPPORTED_PLATFORMS = "iphoneos iphonesimulator";
				SWIFT_VERSION = 5.0;
				TARGETED_DEVICE_FAMILY = 1;
			};
			name = Debug;
		};
		FF1A4CE329A1A2D000000332 /* Release */ = {
			isa = XCBuildConfiguration;
			buildSettings = {
				APPLICATION_EXTENSION_API_ONLY = YES;
				CODE_SIGN_STYLE = Automatic;
				CURRENT_PROJECT_VERSION = 1;
				DEVELOPMENT_TEAM = M7C3WBXH7R;
				GENERATE_INFOPLIST_FILE = NO;
				INFOPLIST_FILE = SimpleEventsWidget/Info.plist;
				IPHONEOS_DEPLOYMENT_TARGET = 16.0;
				LD_RUNPATH_SEARCH_PATHS = (
					"$(inherited)",
					"@executable_path/Frameworks",
					"@executable_path/../../Frameworks",
				);
				MARKETING_VERSION = 1.0;
				PRODUCT_BUNDLE_IDENTIFIER = com.example.SimpleEventsApp.widget;
				PRODUCT_BUNDLE_PACKAGE_TYPE = "XPC!";
				PRODUCT_NAME = "$(TARGET_NAME)";
				SKIP_INSTALL = YES;
				SUPPORTED_PLATFORMS = "iphoneos iphonesimulator";
				SWIFT_OPTIMIZATION_LEVEL = "-Owholemodule";
				SWIFT_VERSION = 5.0;
				TARGETED_DEVICE_FAMILY = 1;
			};
			name = Release;
		};
/* End XCBuildConfiguration section */

/* Begin XCConfigurationList section */
		FF1A4CE229A1A2D000000010 /* Build configuration list for PBXProject "SimpleEventsApp" */ = {
			isa = XCConfigurationList;
			buildConfigurations = (
				FF1A4CE229A1A2D000000011 /* Debug */,
				FF1A4CE229A1A2D000000012 /* Release */,
			);
			defaultConfigurationIsVisible = 0;
			defaultConfigurationName = Release;
		};
		FF1A4CE229A1A2D000000030 /* Build configuration list for PBXNativeTarget "SimpleEventsApp" */ = {
			isa = XCConfigurationList;
			buildConfigurations = (
				FF1A4CE229A1A2D000000031 /* Debug */,
				FF1A4CE229A1A2D000000032 /* Release */,
			);
			defaultConfigurationIsVisible = 0;
			defaultConfigurationName = Release;
		};
		FF1A4CE329A1A2D000000330 /* Build configuration list for PBXNativeTarget "SimpleEventsWidget" */ = {
			isa = XCConfigurationList;
			buildConfigurations = (
				FF1A4CE329A1A2D000000331 /* Debug */,
				FF1A4CE329A1A2D000000332 /* Release */,
			);
			defaultConfigurationIsVisible = 0;
			defaultConfigurationName = Release;
		};
/* End XCConfigurationList section */
	};
	rootObject = FF1A4CE229A1A2D000000001 /* Project object */;
}
